
Microsoft Visual Studio Solution File, Format Version 12.00
# Visual Studio Version 16
VisualStudioVersion = 16.0.31005.135
MinimumVisualStudioVersion = 10.0.40219.1
Project("{8BC9CEB8-8B4A-11D0-8D11-00A0C91BC942}") = "11022", "11022\11022.vcxproj", "{E415B57A-3F7C-421C-96B5-FCED87DB7073}"
EndProject
Global
	GlobalSection(SolutionConfigurationPlatforms) = preSolution
		Debug|x64 = Debug|x64
		Debug|x86 = Debug|x86
		Release|x64 = Release|x64
		Release|x86 = Release|x86
	EndGlobalSection
	GlobalSection(ProjectConfigurationPlatforms) = postSolution
		{E415B57A-3F7C-421C-96B5-FCED87DB7073}.Debug|x64.ActiveCfg = Debug|x64
		{E415B57A-3F7C-421C-96B5-FCED87DB7073}.Debug|x64.Build.0 = Debug|x64
		{E415B57A-3F7C-421C-96B5-FCED87DB7073}.Debug|x86.ActiveCfg = Debug|Win32
		{E415B57A-3F7C-421C-96B5-FCED87DB7073}.Debug|x86.Build.0 = Debug|Win32
		{E415B57A-3F7C-421C-96B5-FCED87DB7073}.Release|x64.ActiveCfg = Release|x64
		{E415B57A-3F7C-421C-96B5-FCED87DB7073}.Release|x64.Build.0 = Release|x64
		{E415B57A-3F7C-421C-96B5-FCED87DB7073}.Release|x86.ActiveCfg = Release|Win32
		{E415B57A-3F7C-421C-96B5-FCED87DB7073}.Release|x86.Build.0 = Release|Win32
	EndGlobalSection
	GlobalSection(SolutionProperties) = preSolution
		HideSolutionNode = FALSE
	EndGlobalSection
	GlobalSection(ExtensibilityGlobals) = postSolution
		SolutionGuid = {5FA87977-953E-4955-AB0E-7118E7DDCF76}
	EndGlobalSection
EndGlobal
